
Microsoft Visual Studio Solution File, Format Version 12.00
# Visual Studio Version 17
VisualStudioVersion = 17.0.32112.339
MinimumVisualStudioVersion = 10.0.40219.1
Project("{9A19103F-16F7-4668-BE54-9A1E7A4F7556}") = "App", "App\App.csproj", "{AC350741-44B3-48A1-80C5-D039A0BC9BEF}"
EndProject
Project("{2150E333-8FDC-42A3-9474-1A3956D46DE8}") = "Solution Items", "Solution Items", "{B9DE8B40-59C3-4B32-8472-1A98A23C1CC3}"
	ProjectSection(SolutionItems) = preProject
		README.md = README.md
	EndProjectSection
EndProject
Global
	GlobalSection(SolutionConfigurationPlatforms) = preSolution
		Debug|Any CPU = Debug|Any CPU
		Release|Any CPU = Release|Any CPU
	EndGlobalSection
	GlobalSection(ProjectConfigurationPlatforms) = postSolution
		{AC350741-44B3-48A1-80C5-D039A0BC9BEF}.Debug|Any CPU.ActiveCfg = Debug|Any CPU
		{AC350741-44B3-48A1-80C5-D039A0BC9BEF}.Debug|Any CPU.Build.0 = Debug|Any CPU
		{AC350741-44B3-48A1-80C5-D039A0BC9BEF}.Release|Any CPU.ActiveCfg = Release|Any CPU
		{AC350741-44B3-48A1-80C5-D039A0BC9BEF}.Release|Any CPU.Build.0 = Release|Any CPU
	EndGlobalSection
	GlobalSection(SolutionProperties) = preSolution
		HideSolutionNode = FALSE
	EndGlobalSection
	GlobalSection(ExtensibilityGlobals) = postSolution
		SolutionGuid = {90C39B60-DE06-45F3-A3C4-162E9967CE13}
	EndGlobalSection
EndGlobal
